
Microsoft Visual Studio Solution File, Format Version 12.00
# Visual Studio 15
VisualStudioVersion = 15.0.27428.2043
MinimumVisualStudioVersion = 10.0.40219.1
Project("{00D1A9C2-B5F0-4AF3-8072-F6C62B433612}") = "BookCatalog.DataBase", "BookCatalog.DataBase\BookCatalog.DataBase.sqlproj", "{8E82C868-EE63-495C-887E-93D6E6AB6BDB}"
EndProject
Project("{9A19103F-16F7-4668-BE54-9A1E7A4F7556}") = "BookCatalog.Data", "BookCatalog.Data\BookCatalog.Data.csproj", "{0F316F19-C744-4B66-AD22-93F850B297A2}"
EndProject
Project("{FAE04EC0-301F-11D3-BF4B-00C04F79EFBC}") = "BookCatalog.Data.Entity", "BookCatalog.Data.Entity\BookCatalog.Data.Entity.csproj", "{D6690AD8-4C1D-451D-87B8-048B566DDA90}"
EndProject
Project("{FAE04EC0-301F-11D3-BF4B-00C04F79EFBC}") = "BookCatalog.Test", "BookCatalog.Data.Test\BookCatalog.Test.csproj", "{1AD0BE69-AC0E-4CB8-BEA9-AC0631DFC0CC}"
EndProject
Project("{FAE04EC0-301F-11D3-BF4B-00C04F79EFBC}") = "BookCatalog.ViewModel", "BookCatalog.ViewModel\BookCatalog.ViewModel.csproj", "{5B3ED041-EEA1-4E33-BB22-4CFDEE36B310}"
EndProject
Project("{FAE04EC0-301F-11D3-BF4B-00C04F79EFBC}") = "BookCatalog.Business", "BookCatalog.Business\BookCatalog.Business.csproj", "{EC025376-DB23-4BBD-8724-9A317807D1D9}"
EndProject
Project("{FAE04EC0-301F-11D3-BF4B-00C04F79EFBC}") = "BookCatalog.Common", "BookCatalog.Common\BookCatalog.Common.csproj", "{0E19B147-044F-4829-84AF-37C0C0286DC9}"
EndProject
Global
	GlobalSection(SolutionConfigurationPlatforms) = preSolution
		Debug|Any CPU = Debug|Any CPU
		Release|Any CPU = Release|Any CPU
	EndGlobalSection
	GlobalSection(ProjectConfigurationPlatforms) = postSolution
		{8E82C868-EE63-495C-887E-93D6E6AB6BDB}.Debug|Any CPU.ActiveCfg = Debug|Any CPU
		{8E82C868-EE63-495C-887E-93D6E6AB6BDB}.Debug|Any CPU.Build.0 = Debug|Any CPU
		{8E82C868-EE63-495C-887E-93D6E6AB6BDB}.Debug|Any CPU.Deploy.0 = Debug|Any CPU
		{8E82C868-EE63-495C-887E-93D6E6AB6BDB}.Release|Any CPU.ActiveCfg = Release|Any CPU
		{8E82C868-EE63-495C-887E-93D6E6AB6BDB}.Release|Any CPU.Build.0 = Release|Any CPU
		{8E82C868-EE63-495C-887E-93D6E6AB6BDB}.Release|Any CPU.Deploy.0 = Release|Any CPU
		{0F316F19-C744-4B66-AD22-93F850B297A2}.Debug|Any CPU.ActiveCfg = Debug|Any CPU
		{0F316F19-C744-4B66-AD22-93F850B297A2}.Debug|Any CPU.Build.0 = Debug|Any CPU
		{0F316F19-C744-4B66-AD22-93F850B297A2}.Release|Any CPU.ActiveCfg = Release|Any CPU
		{0F316F19-C744-4B66-AD22-93F850B297A2}.Release|Any CPU.Build.0 = Release|Any CPU
		{D6690AD8-4C1D-451D-87B8-048B566DDA90}.Debug|Any CPU.ActiveCfg = Debug|Any CPU
		{D6690AD8-4C1D-451D-87B8-048B566DDA90}.Debug|Any CPU.Build.0 = Debug|Any CPU
		{D6690AD8-4C1D-451D-87B8-048B566DDA90}.Release|Any CPU.ActiveCfg = Release|Any CPU
		{D6690AD8-4C1D-451D-87B8-048B566DDA90}.Release|Any CPU.Build.0 = Release|Any CPU
		{1AD0BE69-AC0E-4CB8-BEA9-AC0631DFC0CC}.Debug|Any CPU.ActiveCfg = Debug|Any CPU
		{1AD0BE69-AC0E-4CB8-BEA9-AC0631DFC0CC}.Debug|Any CPU.Build.0 = Debug|Any CPU
		{1AD0BE69-AC0E-4CB8-BEA9-AC0631DFC0CC}.Release|Any CPU.ActiveCfg = Release|Any CPU
		{1AD0BE69-AC0E-4CB8-BEA9-AC0631DFC0CC}.Release|Any CPU.Build.0 = Release|Any CPU
		{5B3ED041-EEA1-4E33-BB22-4CFDEE36B310}.Debug|Any CPU.ActiveCfg = Debug|Any CPU
		{5B3ED041-EEA1-4E33-BB22-4CFDEE36B310}.Debug|Any CPU.Build.0 = Debug|Any CPU
		{5B3ED041-EEA1-4E33-BB22-4CFDEE36B310}.Release|Any CPU.ActiveCfg = Release|Any CPU
		{5B3ED041-EEA1-4E33-BB22-4CFDEE36B310}.Release|Any CPU.Build.0 = Release|Any CPU
		{EC025376-DB23-4BBD-8724-9A317807D1D9}.Debug|Any CPU.ActiveCfg = Debug|Any CPU
		{EC025376-DB23-4BBD-8724-9A317807D1D9}.Debug|Any CPU.Build.0 = Debug|Any CPU
		{EC025376-DB23-4BBD-8724-9A317807D1D9}.Release|Any CPU.ActiveCfg = Release|Any CPU
		{EC025376-DB23-4BBD-8724-9A317807D1D9}.Release|Any CPU.Build.0 = Release|Any CPU
		{0E19B147-044F-4829-84AF-37C0C0286DC9}.Debug|Any CPU.ActiveCfg = Debug|Any CPU
		{0E19B147-044F-4829-84AF-37C0C0286DC9}.Debug|Any CPU.Build.0 = Debug|Any CPU
		{0E19B147-044F-4829-84AF-37C0C0286DC9}.Release|Any CPU.ActiveCfg = Release|Any CPU
		{0E19B147-044F-4829-84AF-37C0C0286DC9}.Release|Any CPU.Build.0 = Release|Any CPU
	EndGlobalSection
	GlobalSection(SolutionProperties) = preSolution
		HideSolutionNode = FALSE
	EndGlobalSection
	GlobalSection(ExtensibilityGlobals) = postSolution
		SolutionGuid = {83CE978B-198C-40C4-BCB5-AD117D758FBA}
	EndGlobalSection
EndGlobal
